
Microsoft Visual Studio Solution File, Format Version 12.00
# Visual Studio Version 17
VisualStudioVersion = 17.9.34622.214
MinimumVisualStudioVersion = 10.0.40219.1
Project("{FAE04EC0-301F-11D3-BF4B-00C04F79EFBC}") = "BakkalMorpheus", "BakkalMorpheus\BakkalMorpheus.csproj", "{D36A44D7-C994-4D38-BA8D-B6289279BDA9}"
EndProject
Global
	GlobalSection(SolutionConfigurationPlatforms) = preSolution
		Debug|Any CPU = Debug|Any CPU
		Release|Any CPU = Release|Any CPU
	EndGlobalSection
	GlobalSection(ProjectConfigurationPlatforms) = postSolution
		{D36A44D7-C994-4D38-BA8D-B6289279BDA9}.Debug|Any CPU.ActiveCfg = Debug|Any CPU
		{D36A44D7-C994-4D38-BA8D-B6289279BDA9}.Debug|Any CPU.Build.0 = Debug|Any CPU
		{D36A44D7-C994-4D38-BA8D-B6289279BDA9}.Release|Any CPU.ActiveCfg = Release|Any CPU
		{D36A44D7-C994-4D38-BA8D-B6289279BDA9}.Release|Any CPU.Build.0 = Release|Any CPU
	EndGlobalSection
	GlobalSection(SolutionProperties) = preSolution
		HideSolutionNode = FALSE
	EndGlobalSection
	GlobalSection(ExtensibilityGlobals) = postSolution
		SolutionGuid = {D54C5076-4E16-47A6-963E-3FCC9EEE8626}
	EndGlobalSection
EndGlobal
