
Microsoft Visual Studio Solution File, Format Version 12.00
# Visual Studio Version 17
VisualStudioVersion = 17.9.34728.123
MinimumVisualStudioVersion = 10.0.40219.1
Project("{FAE04EC0-301F-11D3-BF4B-00C04F79EFBC}") = "methods(metotlar)", "methods(metotlar)\methods(metotlar).csproj", "{DAC66C31-0B57-4718-935E-903A3D012472}"
EndProject
Global
	GlobalSection(SolutionConfigurationPlatforms) = preSolution
		Debug|Any CPU = Debug|Any CPU
		Release|Any CPU = Release|Any CPU
	EndGlobalSection
	GlobalSection(ProjectConfigurationPlatforms) = postSolution
		{DAC66C31-0B57-4718-935E-903A3D012472}.Debug|Any CPU.ActiveCfg = Debug|Any CPU
		{DAC66C31-0B57-4718-935E-903A3D012472}.Debug|Any CPU.Build.0 = Debug|Any CPU
		{DAC66C31-0B57-4718-935E-903A3D012472}.Release|Any CPU.ActiveCfg = Release|Any CPU
		{DAC66C31-0B57-4718-935E-903A3D012472}.Release|Any CPU.Build.0 = Release|Any CPU
	EndGlobalSection
	GlobalSection(SolutionProperties) = preSolution
		HideSolutionNode = FALSE
	EndGlobalSection
	GlobalSection(ExtensibilityGlobals) = postSolution
		SolutionGuid = {80F10EB3-4D45-4214-9AA4-41831FD7E71F}
	EndGlobalSection
EndGlobal
