
Microsoft Visual Studio Solution File, Format Version 12.00
# Visual Studio Version 17
VisualStudioVersion = 17.9.34714.143
MinimumVisualStudioVersion = 10.0.40219.1
Project("{FAE04EC0-301F-11D3-BF4B-00C04F79EFBC}") = "OOPoDev2", "OOPoDev2\OOPoDev2.csproj", "{9E3FFFD5-CC2E-4F50-A227-BECEF3153E0F}"
EndProject
Global
	GlobalSection(SolutionConfigurationPlatforms) = preSolution
		Debug|Any CPU = Debug|Any CPU
		Release|Any CPU = Release|Any CPU
	EndGlobalSection
	GlobalSection(ProjectConfigurationPlatforms) = postSolution
		{9E3FFFD5-CC2E-4F50-A227-BECEF3153E0F}.Debug|Any CPU.ActiveCfg = Debug|Any CPU
		{9E3FFFD5-CC2E-4F50-A227-BECEF3153E0F}.Debug|Any CPU.Build.0 = Debug|Any CPU
		{9E3FFFD5-CC2E-4F50-A227-BECEF3153E0F}.Release|Any CPU.ActiveCfg = Release|Any CPU
		{9E3FFFD5-CC2E-4F50-A227-BECEF3153E0F}.Release|Any CPU.Build.0 = Release|Any CPU
	EndGlobalSection
	GlobalSection(SolutionProperties) = preSolution
		HideSolutionNode = FALSE
	EndGlobalSection
	GlobalSection(ExtensibilityGlobals) = postSolution
		SolutionGuid = {DDA73C91-68CA-46A9-B414-44EA9FB8365E}
	EndGlobalSection
EndGlobal
