
Microsoft Visual Studio Solution File, Format Version 12.00
# Visual Studio Version 17
VisualStudioVersion = 17.9.34728.123
MinimumVisualStudioVersion = 10.0.40219.1
Project("{FAE04EC0-301F-11D3-BF4B-00C04F79EFBC}") = "DegerReferansNesne", "DegerReferansNesne\DegerReferansNesne.csproj", "{82A0BEF0-AF21-4AF2-A26C-041F115EF69A}"
EndProject
Global
	GlobalSection(SolutionConfigurationPlatforms) = preSolution
		Debug|Any CPU = Debug|Any CPU
		Release|Any CPU = Release|Any CPU
	EndGlobalSection
	GlobalSection(ProjectConfigurationPlatforms) = postSolution
		{82A0BEF0-AF21-4AF2-A26C-041F115EF69A}.Debug|Any CPU.ActiveCfg = Debug|Any CPU
		{82A0BEF0-AF21-4AF2-A26C-041F115EF69A}.Debug|Any CPU.Build.0 = Debug|Any CPU
		{82A0BEF0-AF21-4AF2-A26C-041F115EF69A}.Release|Any CPU.ActiveCfg = Release|Any CPU
		{82A0BEF0-AF21-4AF2-A26C-041F115EF69A}.Release|Any CPU.Build.0 = Release|Any CPU
	EndGlobalSection
	GlobalSection(SolutionProperties) = preSolution
		HideSolutionNode = FALSE
	EndGlobalSection
	GlobalSection(ExtensibilityGlobals) = postSolution
		SolutionGuid = {2B374D8A-A6FE-40CA-9DDE-5CA0600CE0BA}
	EndGlobalSection
EndGlobal
