
Microsoft Visual Studio Solution File, Format Version 12.00
# Visual Studio Version 17
VisualStudioVersion = 17.9.34622.214
MinimumVisualStudioVersion = 10.0.40219.1
Project("{FAE04EC0-301F-11D3-BF4B-00C04F79EFBC}") = "DizilerOdev", "DizilerOdev\DizilerOdev.csproj", "{023DE268-D376-44E3-9B9E-1A94CC85129F}"
EndProject
Global
	GlobalSection(SolutionConfigurationPlatforms) = preSolution
		Debug|Any CPU = Debug|Any CPU
		Release|Any CPU = Release|Any CPU
	EndGlobalSection
	GlobalSection(ProjectConfigurationPlatforms) = postSolution
		{023DE268-D376-44E3-9B9E-1A94CC85129F}.Debug|Any CPU.ActiveCfg = Debug|Any CPU
		{023DE268-D376-44E3-9B9E-1A94CC85129F}.Debug|Any CPU.Build.0 = Debug|Any CPU
		{023DE268-D376-44E3-9B9E-1A94CC85129F}.Release|Any CPU.ActiveCfg = Release|Any CPU
		{023DE268-D376-44E3-9B9E-1A94CC85129F}.Release|Any CPU.Build.0 = Release|Any CPU
	EndGlobalSection
	GlobalSection(SolutionProperties) = preSolution
		HideSolutionNode = FALSE
	EndGlobalSection
	GlobalSection(ExtensibilityGlobals) = postSolution
		SolutionGuid = {8303DFAF-5F49-40E0-AE22-017FFDFBAAD6}
	EndGlobalSection
EndGlobal
