
Microsoft Visual Studio Solution File, Format Version 12.00
# Visual Studio Version 17
VisualStudioVersion = 17.7.34018.315
MinimumVisualStudioVersion = 10.0.40219.1
Project("{FAE04EC0-301F-11D3-BF4B-00C04F79EFBC}") = "MurtazaSupermarket", "MurtazaSupermarket\MurtazaSupermarket.csproj", "{8BF8D563-ACAF-493F-835C-31C3ABE1C899}"
EndProject
Global
	GlobalSection(SolutionConfigurationPlatforms) = preSolution
		Debug|Any CPU = Debug|Any CPU
		Release|Any CPU = Release|Any CPU
	EndGlobalSection
	GlobalSection(ProjectConfigurationPlatforms) = postSolution
		{8BF8D563-ACAF-493F-835C-31C3ABE1C899}.Debug|Any CPU.ActiveCfg = Debug|Any CPU
		{8BF8D563-ACAF-493F-835C-31C3ABE1C899}.Debug|Any CPU.Build.0 = Debug|Any CPU
		{8BF8D563-ACAF-493F-835C-31C3ABE1C899}.Release|Any CPU.ActiveCfg = Release|Any CPU
		{8BF8D563-ACAF-493F-835C-31C3ABE1C899}.Release|Any CPU.Build.0 = Release|Any CPU
	EndGlobalSection
	GlobalSection(SolutionProperties) = preSolution
		HideSolutionNode = FALSE
	EndGlobalSection
	GlobalSection(ExtensibilityGlobals) = postSolution
		SolutionGuid = {3DD4F0CC-D50F-4D14-A744-F730223E139F}
	EndGlobalSection
EndGlobal
