
Microsoft Visual Studio Solution File, Format Version 12.00
# Visual Studio Version 17
VisualStudioVersion = 17.10.35013.160
MinimumVisualStudioVersion = 10.0.40219.1
Project("{FAE04EC0-301F-11D3-BF4B-00C04F79EFBC}") = "AracKullanimlari3", "AracKullanimlari3\AracKullanimlari3.csproj", "{95985C31-ABBD-40FD-9026-F2E228509D2A}"
EndProject
Global
	GlobalSection(SolutionConfigurationPlatforms) = preSolution
		Debug|Any CPU = Debug|Any CPU
		Release|Any CPU = Release|Any CPU
	EndGlobalSection
	GlobalSection(ProjectConfigurationPlatforms) = postSolution
		{95985C31-ABBD-40FD-9026-F2E228509D2A}.Debug|Any CPU.ActiveCfg = Debug|Any CPU
		{95985C31-ABBD-40FD-9026-F2E228509D2A}.Debug|Any CPU.Build.0 = Debug|Any CPU
		{95985C31-ABBD-40FD-9026-F2E228509D2A}.Release|Any CPU.ActiveCfg = Release|Any CPU
		{95985C31-ABBD-40FD-9026-F2E228509D2A}.Release|Any CPU.Build.0 = Release|Any CPU
	EndGlobalSection
	GlobalSection(SolutionProperties) = preSolution
		HideSolutionNode = FALSE
	EndGlobalSection
	GlobalSection(ExtensibilityGlobals) = postSolution
		SolutionGuid = {79A2C373-CDD3-4878-B3DA-42F451F9C16E}
	EndGlobalSection
EndGlobal
