
Microsoft Visual Studio Solution File, Format Version 12.00
# Visual Studio Version 17
VisualStudioVersion = 17.9.34714.143
MinimumVisualStudioVersion = 10.0.40219.1
Project("{FAE04EC0-301F-11D3-BF4B-00C04F79EFBC}") = "HelloWorld", "HelloWorld\HelloWorld.csproj", "{7EDB6472-C62B-46C2-BD3E-08B80F247071}"
EndProject
Global
	GlobalSection(SolutionConfigurationPlatforms) = preSolution
		Debug|Any CPU = Debug|Any CPU
		Release|Any CPU = Release|Any CPU
	EndGlobalSection
	GlobalSection(ProjectConfigurationPlatforms) = postSolution
		{7EDB6472-C62B-46C2-BD3E-08B80F247071}.Debug|Any CPU.ActiveCfg = Debug|Any CPU
		{7EDB6472-C62B-46C2-BD3E-08B80F247071}.Debug|Any CPU.Build.0 = Debug|Any CPU
		{7EDB6472-C62B-46C2-BD3E-08B80F247071}.Release|Any CPU.ActiveCfg = Release|Any CPU
		{7EDB6472-C62B-46C2-BD3E-08B80F247071}.Release|Any CPU.Build.0 = Release|Any CPU
	EndGlobalSection
	GlobalSection(SolutionProperties) = preSolution
		HideSolutionNode = FALSE
	EndGlobalSection
	GlobalSection(ExtensibilityGlobals) = postSolution
		SolutionGuid = {22C5FAD9-97B7-417D-90E4-D2FE79E1D23D}
	EndGlobalSection
EndGlobal
