
Microsoft Visual Studio Solution File, Format Version 12.00
# Visual Studio Version 17
VisualStudioVersion = 17.7.34018.315
MinimumVisualStudioVersion = 10.0.40219.1
Project("{FAE04EC0-301F-11D3-BF4B-00C04F79EFBC}") = "SinavSistemi", "SinavSistemi\SinavSistemi.csproj", "{4B8F9FB7-1E47-473E-AEFC-F70A3E64A3DD}"
EndProject
Global
	GlobalSection(SolutionConfigurationPlatforms) = preSolution
		Debug|Any CPU = Debug|Any CPU
		Release|Any CPU = Release|Any CPU
	EndGlobalSection
	GlobalSection(ProjectConfigurationPlatforms) = postSolution
		{4B8F9FB7-1E47-473E-AEFC-F70A3E64A3DD}.Debug|Any CPU.ActiveCfg = Debug|Any CPU
		{4B8F9FB7-1E47-473E-AEFC-F70A3E64A3DD}.Debug|Any CPU.Build.0 = Debug|Any CPU
		{4B8F9FB7-1E47-473E-AEFC-F70A3E64A3DD}.Release|Any CPU.ActiveCfg = Release|Any CPU
		{4B8F9FB7-1E47-473E-AEFC-F70A3E64A3DD}.Release|Any CPU.Build.0 = Release|Any CPU
	EndGlobalSection
	GlobalSection(SolutionProperties) = preSolution
		HideSolutionNode = FALSE
	EndGlobalSection
	GlobalSection(ExtensibilityGlobals) = postSolution
		SolutionGuid = {B3FD06AB-B4C8-4BC2-90A5-1AAFA24FDD44}
	EndGlobalSection
EndGlobal
