
Microsoft Visual Studio Solution File, Format Version 12.00
# Visual Studio Version 17
VisualStudioVersion = 17.10.35201.131
MinimumVisualStudioVersion = 10.0.40219.1
Project("{FAE04EC0-301F-11D3-BF4B-00C04F79EFBC}") = "Dizi(Array)Methods", "Dizi(Array)Methods\Dizi(Array)Methods.csproj", "{DC1C8283-4AAF-4FBA-BD31-89DEB7145D04}"
EndProject
Global
	GlobalSection(SolutionConfigurationPlatforms) = preSolution
		Debug|Any CPU = Debug|Any CPU
		Release|Any CPU = Release|Any CPU
	EndGlobalSection
	GlobalSection(ProjectConfigurationPlatforms) = postSolution
		{DC1C8283-4AAF-4FBA-BD31-89DEB7145D04}.Debug|Any CPU.ActiveCfg = Debug|Any CPU
		{DC1C8283-4AAF-4FBA-BD31-89DEB7145D04}.Debug|Any CPU.Build.0 = Debug|Any CPU
		{DC1C8283-4AAF-4FBA-BD31-89DEB7145D04}.Release|Any CPU.ActiveCfg = Release|Any CPU
		{DC1C8283-4AAF-4FBA-BD31-89DEB7145D04}.Release|Any CPU.Build.0 = Release|Any CPU
	EndGlobalSection
	GlobalSection(SolutionProperties) = preSolution
		HideSolutionNode = FALSE
	EndGlobalSection
	GlobalSection(ExtensibilityGlobals) = postSolution
		SolutionGuid = {D239B2E2-D5E8-4E92-A3DD-3D943D95835A}
	EndGlobalSection
EndGlobal
