
Microsoft Visual Studio Solution File, Format Version 12.00
# Visual Studio Version 17
VisualStudioVersion = 17.10.34928.147
MinimumVisualStudioVersion = 10.0.40219.1
Project("{FAE04EC0-301F-11D3-BF4B-00C04F79EFBC}") = "KacisKarakterleri", "KacisKarakterleri\KacisKarakterleri.csproj", "{416540D1-C828-4376-BCA1-102309C2DB7D}"
EndProject
Global
	GlobalSection(SolutionConfigurationPlatforms) = preSolution
		Debug|Any CPU = Debug|Any CPU
		Release|Any CPU = Release|Any CPU
	EndGlobalSection
	GlobalSection(ProjectConfigurationPlatforms) = postSolution
		{416540D1-C828-4376-BCA1-102309C2DB7D}.Debug|Any CPU.ActiveCfg = Debug|Any CPU
		{416540D1-C828-4376-BCA1-102309C2DB7D}.Debug|Any CPU.Build.0 = Debug|Any CPU
		{416540D1-C828-4376-BCA1-102309C2DB7D}.Release|Any CPU.ActiveCfg = Release|Any CPU
		{416540D1-C828-4376-BCA1-102309C2DB7D}.Release|Any CPU.Build.0 = Release|Any CPU
	EndGlobalSection
	GlobalSection(SolutionProperties) = preSolution
		HideSolutionNode = FALSE
	EndGlobalSection
	GlobalSection(ExtensibilityGlobals) = postSolution
		SolutionGuid = {FDAA88E5-4E43-4B31-BC42-A383B51723FC}
	EndGlobalSection
EndGlobal
