
Microsoft Visual Studio Solution File, Format Version 12.00
# Visual Studio Version 17
VisualStudioVersion = 17.10.35013.160
MinimumVisualStudioVersion = 10.0.40219.1
Project("{FAE04EC0-301F-11D3-BF4B-00C04F79EFBC}") = "DegiskenlerIntOgrenciNotOrtalamasi", "DegiskenlerIntOgrenciNotOrtalamasi\DegiskenlerIntOgrenciNotOrtalamasi.csproj", "{2310CEF2-F22E-4CBA-B0B4-68FA1AE142BA}"
EndProject
Global
	GlobalSection(SolutionConfigurationPlatforms) = preSolution
		Debug|Any CPU = Debug|Any CPU
		Release|Any CPU = Release|Any CPU
	EndGlobalSection
	GlobalSection(ProjectConfigurationPlatforms) = postSolution
		{2310CEF2-F22E-4CBA-B0B4-68FA1AE142BA}.Debug|Any CPU.ActiveCfg = Debug|Any CPU
		{2310CEF2-F22E-4CBA-B0B4-68FA1AE142BA}.Debug|Any CPU.Build.0 = Debug|Any CPU
		{2310CEF2-F22E-4CBA-B0B4-68FA1AE142BA}.Release|Any CPU.ActiveCfg = Release|Any CPU
		{2310CEF2-F22E-4CBA-B0B4-68FA1AE142BA}.Release|Any CPU.Build.0 = Release|Any CPU
	EndGlobalSection
	GlobalSection(SolutionProperties) = preSolution
		HideSolutionNode = FALSE
	EndGlobalSection
	GlobalSection(ExtensibilityGlobals) = postSolution
		SolutionGuid = {0ACFB058-ED4D-4FF3-A320-1874DC168D23}
	EndGlobalSection
EndGlobal
