
Microsoft Visual Studio Solution File, Format Version 12.00
# Visual Studio Version 17
VisualStudioVersion = 17.9.34728.123
MinimumVisualStudioVersion = 10.0.40219.1
Project("{FAE04EC0-301F-11D3-BF4B-00C04F79EFBC}") = "methods(metotlar)devam3", "methods(metotlar)devam3\methods(metotlar)devam3.csproj", "{9458078B-B4CC-4723-9E99-EBF41CB0C312}"
EndProject
Global
	GlobalSection(SolutionConfigurationPlatforms) = preSolution
		Debug|Any CPU = Debug|Any CPU
		Release|Any CPU = Release|Any CPU
	EndGlobalSection
	GlobalSection(ProjectConfigurationPlatforms) = postSolution
		{9458078B-B4CC-4723-9E99-EBF41CB0C312}.Debug|Any CPU.ActiveCfg = Debug|Any CPU
		{9458078B-B4CC-4723-9E99-EBF41CB0C312}.Debug|Any CPU.Build.0 = Debug|Any CPU
		{9458078B-B4CC-4723-9E99-EBF41CB0C312}.Release|Any CPU.ActiveCfg = Release|Any CPU
		{9458078B-B4CC-4723-9E99-EBF41CB0C312}.Release|Any CPU.Build.0 = Release|Any CPU
	EndGlobalSection
	GlobalSection(SolutionProperties) = preSolution
		HideSolutionNode = FALSE
	EndGlobalSection
	GlobalSection(ExtensibilityGlobals) = postSolution
		SolutionGuid = {FE98A66B-7A35-40AD-A3B1-7053D9213B01}
	EndGlobalSection
EndGlobal
