
Microsoft Visual Studio Solution File, Format Version 12.00
# Visual Studio Version 17
VisualStudioVersion = 17.9.34622.214
MinimumVisualStudioVersion = 10.0.40219.1
Project("{FAE04EC0-301F-11D3-BF4B-00C04F79EFBC}") = "Operatorler", "Operatorler\Operatorler.csproj", "{07890CD5-31F1-4F8E-88FA-C8BA6C12F0B0}"
EndProject
Global
	GlobalSection(SolutionConfigurationPlatforms) = preSolution
		Debug|Any CPU = Debug|Any CPU
		Release|Any CPU = Release|Any CPU
	EndGlobalSection
	GlobalSection(ProjectConfigurationPlatforms) = postSolution
		{07890CD5-31F1-4F8E-88FA-C8BA6C12F0B0}.Debug|Any CPU.ActiveCfg = Debug|Any CPU
		{07890CD5-31F1-4F8E-88FA-C8BA6C12F0B0}.Debug|Any CPU.Build.0 = Debug|Any CPU
		{07890CD5-31F1-4F8E-88FA-C8BA6C12F0B0}.Release|Any CPU.ActiveCfg = Release|Any CPU
		{07890CD5-31F1-4F8E-88FA-C8BA6C12F0B0}.Release|Any CPU.Build.0 = Release|Any CPU
	EndGlobalSection
	GlobalSection(SolutionProperties) = preSolution
		HideSolutionNode = FALSE
	EndGlobalSection
	GlobalSection(ExtensibilityGlobals) = postSolution
		SolutionGuid = {D7D1BF62-EA6D-4187-85BA-F43DD3F21480}
	EndGlobalSection
EndGlobal
