
Microsoft Visual Studio Solution File, Format Version 12.00
# Visual Studio Version 17
VisualStudioVersion = 17.10.35013.160
MinimumVisualStudioVersion = 10.0.40219.1
Project("{FAE04EC0-301F-11D3-BF4B-00C04F79EFBC}") = "DegiskenlerInt", "DegiskenlerInt\DegiskenlerInt.csproj", "{81E49C0D-B142-41C2-8C64-3CEF2580954D}"
EndProject
Global
	GlobalSection(SolutionConfigurationPlatforms) = preSolution
		Debug|Any CPU = Debug|Any CPU
		Release|Any CPU = Release|Any CPU
	EndGlobalSection
	GlobalSection(ProjectConfigurationPlatforms) = postSolution
		{81E49C0D-B142-41C2-8C64-3CEF2580954D}.Debug|Any CPU.ActiveCfg = Debug|Any CPU
		{81E49C0D-B142-41C2-8C64-3CEF2580954D}.Debug|Any CPU.Build.0 = Debug|Any CPU
		{81E49C0D-B142-41C2-8C64-3CEF2580954D}.Release|Any CPU.ActiveCfg = Release|Any CPU
		{81E49C0D-B142-41C2-8C64-3CEF2580954D}.Release|Any CPU.Build.0 = Release|Any CPU
	EndGlobalSection
	GlobalSection(SolutionProperties) = preSolution
		HideSolutionNode = FALSE
	EndGlobalSection
	GlobalSection(ExtensibilityGlobals) = postSolution
		SolutionGuid = {16D68FF8-38B4-4392-8C16-5D7498FAD68B}
	EndGlobalSection
EndGlobal
