
Microsoft Visual Studio Solution File, Format Version 12.00
# Visual Studio Version 17
VisualStudioVersion = 17.9.34714.143
MinimumVisualStudioVersion = 10.0.40219.1
Project("{FAE04EC0-301F-11D3-BF4B-00C04F79EFBC}") = "AlgoritmayaveProgramlamayaGiris", "AlgoritmayaveProgramlamayaGiris\AlgoritmayaveProgramlamayaGiris.csproj", "{32F8D1E6-3180-4549-99F2-0EB291A6F39A}"
EndProject
Global
	GlobalSection(SolutionConfigurationPlatforms) = preSolution
		Debug|Any CPU = Debug|Any CPU
		Release|Any CPU = Release|Any CPU
	EndGlobalSection
	GlobalSection(ProjectConfigurationPlatforms) = postSolution
		{32F8D1E6-3180-4549-99F2-0EB291A6F39A}.Debug|Any CPU.ActiveCfg = Debug|Any CPU
		{32F8D1E6-3180-4549-99F2-0EB291A6F39A}.Debug|Any CPU.Build.0 = Debug|Any CPU
		{32F8D1E6-3180-4549-99F2-0EB291A6F39A}.Release|Any CPU.ActiveCfg = Release|Any CPU
		{32F8D1E6-3180-4549-99F2-0EB291A6F39A}.Release|Any CPU.Build.0 = Release|Any CPU
	EndGlobalSection
	GlobalSection(SolutionProperties) = preSolution
		HideSolutionNode = FALSE
	EndGlobalSection
	GlobalSection(ExtensibilityGlobals) = postSolution
		SolutionGuid = {BE701501-D6C2-4A0E-BC19-38D7323E12EB}
	EndGlobalSection
EndGlobal
